
Microsoft Visual Studio Solution File, Format Version 12.00
# Visual Studio Version 17
VisualStudioVersion = 17.4.33205.214
MinimumVisualStudioVersion = 10.0.40219.1
Project("{2150E333-8FDC-42A3-9474-1A3956D46DE8}") = "DOMAIN", "DOMAIN", "{4D8BA133-5CD2-49FF-A701-03343A2F04AE}"
EndProject
Project("{FAE04EC0-301F-11D3-BF4B-00C04F79EFBC}") = "kocluk.DOMAIN", "kocluk.DOMAIN\kocluk.DOMAIN.csproj", "{0F4DFAB3-BA79-4480-A484-B3E5941162B4}"
EndProject
Project("{2150E333-8FDC-42A3-9474-1A3956D46DE8}") = "SERVICES", "SERVICES", "{316739CF-F92B-49CC-8555-86B5C0F56AD0}"
EndProject
Project("{FAE04EC0-301F-11D3-BF4B-00C04F79EFBC}") = "kocluk.SERVICES", "kocluk.SERVICES\kocluk.SERVICES.csproj", "{138768E7-45A4-4419-97F8-7F9101B17CB3}"
EndProject
Project("{2150E333-8FDC-42A3-9474-1A3956D46DE8}") = "CORE", "CORE", "{B1B324F5-E167-45F5-84DD-A5E98FF426A9}"
EndProject
Project("{FAE04EC0-301F-11D3-BF4B-00C04F79EFBC}") = "kocluk.CORE", "kocluk.CORE\kocluk.CORE.csproj", "{BDF4DA92-A112-4F39-BB44-05CB26098997}"
EndProject
Project("{2150E333-8FDC-42A3-9474-1A3956D46DE8}") = "API", "API", "{4F879311-7052-440E-98BB-6270BB666DE8}"
EndProject
Project("{FAE04EC0-301F-11D3-BF4B-00C04F79EFBC}") = "kocluk.WEBAPI", "kocluk.WEBAPI\kocluk.WEBAPI.csproj", "{B1DD69ED-9591-4528-97DC-E1709214002F}"
EndProject
Project("{FAE04EC0-301F-11D3-BF4B-00C04F79EFBC}") = "kocluk.COMMON", "kocluk.COMMON\kocluk.COMMON.csproj", "{A44837B8-4900-49FC-BAF4-2EFEF1ED23A3}"
EndProject
Project("{FAE04EC0-301F-11D3-BF4B-00C04F79EFBC}") = "koclukyonetim", "koclukyonetim\koclukyonetim.csproj", "{BED36D91-97DA-45C5-A203-37649753380D}"
EndProject
Global
	GlobalSection(SolutionConfigurationPlatforms) = preSolution
		Debug|Any CPU = Debug|Any CPU
		Release|Any CPU = Release|Any CPU
	EndGlobalSection
	GlobalSection(ProjectConfigurationPlatforms) = postSolution
		{0F4DFAB3-BA79-4480-A484-B3E5941162B4}.Debug|Any CPU.ActiveCfg = Debug|Any CPU
		{0F4DFAB3-BA79-4480-A484-B3E5941162B4}.Debug|Any CPU.Build.0 = Debug|Any CPU
		{0F4DFAB3-BA79-4480-A484-B3E5941162B4}.Release|Any CPU.ActiveCfg = Release|Any CPU
		{0F4DFAB3-BA79-4480-A484-B3E5941162B4}.Release|Any CPU.Build.0 = Release|Any CPU
		{138768E7-45A4-4419-97F8-7F9101B17CB3}.Debug|Any CPU.ActiveCfg = Debug|Any CPU
		{138768E7-45A4-4419-97F8-7F9101B17CB3}.Debug|Any CPU.Build.0 = Debug|Any CPU
		{138768E7-45A4-4419-97F8-7F9101B17CB3}.Release|Any CPU.ActiveCfg = Release|Any CPU
		{138768E7-45A4-4419-97F8-7F9101B17CB3}.Release|Any CPU.Build.0 = Release|Any CPU
		{BDF4DA92-A112-4F39-BB44-05CB26098997}.Debug|Any CPU.ActiveCfg = Debug|Any CPU
		{BDF4DA92-A112-4F39-BB44-05CB26098997}.Debug|Any CPU.Build.0 = Debug|Any CPU
		{BDF4DA92-A112-4F39-BB44-05CB26098997}.Release|Any CPU.ActiveCfg = Release|Any CPU
		{BDF4DA92-A112-4F39-BB44-05CB26098997}.Release|Any CPU.Build.0 = Release|Any CPU
		{B1DD69ED-9591-4528-97DC-E1709214002F}.Debug|Any CPU.ActiveCfg = Debug|Any CPU
		{B1DD69ED-9591-4528-97DC-E1709214002F}.Debug|Any CPU.Build.0 = Debug|Any CPU
		{B1DD69ED-9591-4528-97DC-E1709214002F}.Release|Any CPU.ActiveCfg = Release|Any CPU
		{B1DD69ED-9591-4528-97DC-E1709214002F}.Release|Any CPU.Build.0 = Release|Any CPU
		{A44837B8-4900-49FC-BAF4-2EFEF1ED23A3}.Debug|Any CPU.ActiveCfg = Debug|Any CPU
		{A44837B8-4900-49FC-BAF4-2EFEF1ED23A3}.Debug|Any CPU.Build.0 = Debug|Any CPU
		{A44837B8-4900-49FC-BAF4-2EFEF1ED23A3}.Release|Any CPU.ActiveCfg = Release|Any CPU
		{A44837B8-4900-49FC-BAF4-2EFEF1ED23A3}.Release|Any CPU.Build.0 = Release|Any CPU
		{BED36D91-97DA-45C5-A203-37649753380D}.Debug|Any CPU.ActiveCfg = Debug|Any CPU
		{BED36D91-97DA-45C5-A203-37649753380D}.Debug|Any CPU.Build.0 = Debug|Any CPU
		{BED36D91-97DA-45C5-A203-37649753380D}.Release|Any CPU.ActiveCfg = Release|Any CPU
		{BED36D91-97DA-45C5-A203-37649753380D}.Release|Any CPU.Build.0 = Release|Any CPU
	EndGlobalSection
	GlobalSection(SolutionProperties) = preSolution
		HideSolutionNode = FALSE
	EndGlobalSection
	GlobalSection(NestedProjects) = preSolution
		{0F4DFAB3-BA79-4480-A484-B3E5941162B4} = {4D8BA133-5CD2-49FF-A701-03343A2F04AE}
		{138768E7-45A4-4419-97F8-7F9101B17CB3} = {316739CF-F92B-49CC-8555-86B5C0F56AD0}
		{BDF4DA92-A112-4F39-BB44-05CB26098997} = {B1B324F5-E167-45F5-84DD-A5E98FF426A9}
		{B1DD69ED-9591-4528-97DC-E1709214002F} = {4F879311-7052-440E-98BB-6270BB666DE8}
		{A44837B8-4900-49FC-BAF4-2EFEF1ED23A3} = {B1B324F5-E167-45F5-84DD-A5E98FF426A9}
	EndGlobalSection
	GlobalSection(ExtensibilityGlobals) = postSolution
		SolutionGuid = {FBC3643A-DED9-464E-9940-51F297DE6714}
	EndGlobalSection
EndGlobal
